
Microsoft Visual Studio Solution File, Format Version 12.00
# Visual Studio Version 17
VisualStudioVersion = 17.9.34701.34
MinimumVisualStudioVersion = 10.0.40219.1
Project("{FAE04EC0-301F-11D3-BF4B-00C04F79EFBC}") = "Online_RPS", "Online_RPS\Online_RPS.csproj", "{E3A8F0FA-44C9-4F4B-9833-730AFD46FBE4}"
EndProject
Global
	GlobalSection(SolutionConfigurationPlatforms) = preSolution
		Debug|Any CPU = Debug|Any CPU
		Release|Any CPU = Release|Any CPU
	EndGlobalSection
	GlobalSection(ProjectConfigurationPlatforms) = postSolution
		{E3A8F0FA-44C9-4F4B-9833-730AFD46FBE4}.Debug|Any CPU.ActiveCfg = Debug|Any CPU
		{E3A8F0FA-44C9-4F4B-9833-730AFD46FBE4}.Debug|Any CPU.Build.0 = Debug|Any CPU
		{E3A8F0FA-44C9-4F4B-9833-730AFD46FBE4}.Release|Any CPU.ActiveCfg = Release|Any CPU
		{E3A8F0FA-44C9-4F4B-9833-730AFD46FBE4}.Release|Any CPU.Build.0 = Release|Any CPU
	EndGlobalSection
	GlobalSection(SolutionProperties) = preSolution
		HideSolutionNode = FALSE
	EndGlobalSection
	GlobalSection(ExtensibilityGlobals) = postSolution
		SolutionGuid = {C77CDD7E-03A0-4111-AF96-1EB2D7880967}
	EndGlobalSection
EndGlobal
